
Microsoft Visual Studio Solution File, Format Version 12.00
# Visual Studio Version 17
VisualStudioVersion = 17.11.35208.52
MinimumVisualStudioVersion = 10.0.40219.1
Project("{FAE04EC0-301F-11D3-BF4B-00C04F79EFBC}") = "ESP_LOOT", "ESP_LOOT\ESP_LOOT.csproj", "{7012CE10-B4E8-45AE-AD5C-CA3E09EA81E8}"
EndProject
Global
	GlobalSection(SolutionConfigurationPlatforms) = preSolution
		Debug|Any CPU = Debug|Any CPU
		Release|Any CPU = Release|Any CPU
	EndGlobalSection
	GlobalSection(ProjectConfigurationPlatforms) = postSolution
		{7012CE10-B4E8-45AE-AD5C-CA3E09EA81E8}.Debug|Any CPU.ActiveCfg = Debug|Any CPU
		{7012CE10-B4E8-45AE-AD5C-CA3E09EA81E8}.Debug|Any CPU.Build.0 = Debug|Any CPU
		{7012CE10-B4E8-45AE-AD5C-CA3E09EA81E8}.Release|Any CPU.ActiveCfg = Release|Any CPU
		{7012CE10-B4E8-45AE-AD5C-CA3E09EA81E8}.Release|Any CPU.Build.0 = Release|Any CPU
	EndGlobalSection
	GlobalSection(SolutionProperties) = preSolution
		HideSolutionNode = FALSE
	EndGlobalSection
	GlobalSection(ExtensibilityGlobals) = postSolution
		SolutionGuid = {A0C80847-93FB-4F53-AECC-9A7C05C484BE}
	EndGlobalSection
EndGlobal
